
Microsoft Visual Studio Solution File, Format Version 12.00
# Visual Studio Version 16
VisualStudioVersion = 16.0.30011.22
MinimumVisualStudioVersion = 10.0.40219.1
Project("{FAE04EC0-301F-11D3-BF4B-00C04F79EFBC}") = "ACCompanionApp", "ACCompanionApp\ACCompanionApp.csproj", "{C2660058-1626-49FE-A815-1884EB472360}"
EndProject
Project("{FAE04EC0-301F-11D3-BF4B-00C04F79EFBC}") = "AppLibrary", "AppLibrary\AppLibrary.csproj", "{796F3642-23FD-4074-975B-B04A918208C4}"
EndProject
Global
	GlobalSection(SolutionConfigurationPlatforms) = preSolution
		Debug|Any CPU = Debug|Any CPU
		Release|Any CPU = Release|Any CPU
	EndGlobalSection
	GlobalSection(ProjectConfigurationPlatforms) = postSolution
		{C2660058-1626-49FE-A815-1884EB472360}.Debug|Any CPU.ActiveCfg = Debug|Any CPU
		{C2660058-1626-49FE-A815-1884EB472360}.Debug|Any CPU.Build.0 = Debug|Any CPU
		{C2660058-1626-49FE-A815-1884EB472360}.Release|Any CPU.ActiveCfg = Release|Any CPU
		{C2660058-1626-49FE-A815-1884EB472360}.Release|Any CPU.Build.0 = Release|Any CPU
		{796F3642-23FD-4074-975B-B04A918208C4}.Debug|Any CPU.ActiveCfg = Debug|Any CPU
		{796F3642-23FD-4074-975B-B04A918208C4}.Debug|Any CPU.Build.0 = Debug|Any CPU
		{796F3642-23FD-4074-975B-B04A918208C4}.Release|Any CPU.ActiveCfg = Release|Any CPU
		{796F3642-23FD-4074-975B-B04A918208C4}.Release|Any CPU.Build.0 = Release|Any CPU
	EndGlobalSection
	GlobalSection(SolutionProperties) = preSolution
		HideSolutionNode = FALSE
	EndGlobalSection
	GlobalSection(ExtensibilityGlobals) = postSolution
		SolutionGuid = {572F30F0-C5BF-4684-AA87-74C36EF78500}
	EndGlobalSection
EndGlobal
